
Microsoft Visual Studio Solution File, Format Version 12.00
# Visual Studio Version 16
VisualStudioVersion = 16.0.29519.181
MinimumVisualStudioVersion = 10.0.40219.1
Project("{FAE04EC0-301F-11D3-BF4B-00C04F79EFBC}") = "IfenLauncher", "IfenLauncher\IfenLauncher.csproj", "{7A96C84D-F12F-4D9B-B011-B279A56062C1}"
EndProject
Global
	GlobalSection(SolutionConfigurationPlatforms) = preSolution
		Debug|Any CPU = Debug|Any CPU
		Release|Any CPU = Release|Any CPU
	EndGlobalSection
	GlobalSection(ProjectConfigurationPlatforms) = postSolution
		{7A96C84D-F12F-4D9B-B011-B279A56062C1}.Debug|Any CPU.ActiveCfg = Debug|Any CPU
		{7A96C84D-F12F-4D9B-B011-B279A56062C1}.Debug|Any CPU.Build.0 = Debug|Any CPU
		{7A96C84D-F12F-4D9B-B011-B279A56062C1}.Release|Any CPU.ActiveCfg = Release|Any CPU
		{7A96C84D-F12F-4D9B-B011-B279A56062C1}.Release|Any CPU.Build.0 = Release|Any CPU
	EndGlobalSection
	GlobalSection(SolutionProperties) = preSolution
		HideSolutionNode = FALSE
	EndGlobalSection
	GlobalSection(ExtensibilityGlobals) = postSolution
		SolutionGuid = {A740D1AF-0629-4846-A8E2-0F9893B08DFE}
	EndGlobalSection
EndGlobal
